
Microsoft Visual Studio Solution File, Format Version 12.00
# Visual Studio Version 17
VisualStudioVersion = 17.7.34009.444
MinimumVisualStudioVersion = 10.0.40219.1
Project("{F184B08F-C81C-45F6-A57F-5ABD9991F28F}") = "Guia1_Ejercicio4", "Guia1_Ejercicio4.vbproj", "{B1A9E0C1-D0AD-484F-87BB-2B63A77316D5}"
EndProject
Global
	GlobalSection(SolutionConfigurationPlatforms) = preSolution
		Debug|Any CPU = Debug|Any CPU
		Release|Any CPU = Release|Any CPU
	EndGlobalSection
	GlobalSection(ProjectConfigurationPlatforms) = postSolution
		{B1A9E0C1-D0AD-484F-87BB-2B63A77316D5}.Debug|Any CPU.ActiveCfg = Debug|Any CPU
		{B1A9E0C1-D0AD-484F-87BB-2B63A77316D5}.Debug|Any CPU.Build.0 = Debug|Any CPU
		{B1A9E0C1-D0AD-484F-87BB-2B63A77316D5}.Release|Any CPU.ActiveCfg = Release|Any CPU
		{B1A9E0C1-D0AD-484F-87BB-2B63A77316D5}.Release|Any CPU.Build.0 = Release|Any CPU
	EndGlobalSection
	GlobalSection(SolutionProperties) = preSolution
		HideSolutionNode = FALSE
	EndGlobalSection
	GlobalSection(ExtensibilityGlobals) = postSolution
		SolutionGuid = {42ADF1A1-2ED5-4028-82F6-853038A7B403}
	EndGlobalSection
EndGlobal
